
Microsoft Visual Studio Solution File, Format Version 12.00
# Visual Studio 15
VisualStudioVersion = 15.0.28307.136
MinimumVisualStudioVersion = 10.0.40219.1
Project("{FAE04EC0-301F-11D3-BF4B-00C04F79EFBC}") = "AnimalDiseaseQueryWebApp", "AnimalDiseaseQueryWebApp\AnimalDiseaseQueryWebApp.csproj", "{79AAC1F2-5BAD-45A0-A820-D75C37E0CDBF}"
EndProject
Project("{FAE04EC0-301F-11D3-BF4B-00C04F79EFBC}") = "DiagnosticDataVisualiser", "DiagnosticDataVisualiser\DiagnosticDataVisualiser.csproj", "{4C39440F-8768-4526-9641-9675194B8A09}"
EndProject
Project("{FAE04EC0-301F-11D3-BF4B-00C04F79EFBC}") = "DiagnosticDataVisualiser.Tests", "DiagnosticDataVisualiser.Tests\DiagnosticDataVisualiser.Tests.csproj", "{579B9ACB-E1DB-4A44-B4B1-B42F21C39EEB}"
EndProject
Project("{9A19103F-16F7-4668-BE54-9A1E7A4F7556}") = "EddieToNewFramework", "EddieToNewFramework\EddieToNewFramework.csproj", "{07B603AF-A3D8-4264-8758-F0A1FC7951EE}"
EndProject
Project("{FAE04EC0-301F-11D3-BF4B-00C04F79EFBC}") = "DDNF", "DDNF\DDNF.csproj", "{CEB12E1E-EC9C-4678-A378-BE434C84B539}"
EndProject
Project("{FAE04EC0-301F-11D3-BF4B-00C04F79EFBC}") = "AutomaticPinger", "AutomaticPinger\AutomaticPinger.csproj", "{D451D2F0-85DC-4EFB-A24A-574175E1BF23}"
EndProject
Project("{FAE04EC0-301F-11D3-BF4B-00C04F79EFBC}") = "TemplateForAuthentication", "WebApplication1\TemplateForAuthentication.csproj", "{F0297A63-9A84-415D-AA8F-F5D77E23EC82}"
EndProject
Global
	GlobalSection(SolutionConfigurationPlatforms) = preSolution
		Debug|Any CPU = Debug|Any CPU
		PublishToDevWeb|Any CPU = PublishToDevWeb|Any CPU
		Release|Any CPU = Release|Any CPU
	EndGlobalSection
	GlobalSection(ProjectConfigurationPlatforms) = postSolution
		{79AAC1F2-5BAD-45A0-A820-D75C37E0CDBF}.Debug|Any CPU.ActiveCfg = Debug|Any CPU
		{79AAC1F2-5BAD-45A0-A820-D75C37E0CDBF}.Debug|Any CPU.Build.0 = Debug|Any CPU
		{79AAC1F2-5BAD-45A0-A820-D75C37E0CDBF}.PublishToDevWeb|Any CPU.ActiveCfg = PublishToDevWeb|Any CPU
		{79AAC1F2-5BAD-45A0-A820-D75C37E0CDBF}.PublishToDevWeb|Any CPU.Build.0 = PublishToDevWeb|Any CPU
		{79AAC1F2-5BAD-45A0-A820-D75C37E0CDBF}.Release|Any CPU.ActiveCfg = Release|Any CPU
		{79AAC1F2-5BAD-45A0-A820-D75C37E0CDBF}.Release|Any CPU.Build.0 = Release|Any CPU
		{4C39440F-8768-4526-9641-9675194B8A09}.Debug|Any CPU.ActiveCfg = Debug|Any CPU
		{4C39440F-8768-4526-9641-9675194B8A09}.Debug|Any CPU.Build.0 = Debug|Any CPU
		{4C39440F-8768-4526-9641-9675194B8A09}.PublishToDevWeb|Any CPU.ActiveCfg = Release|Any CPU
		{4C39440F-8768-4526-9641-9675194B8A09}.PublishToDevWeb|Any CPU.Build.0 = Release|Any CPU
		{4C39440F-8768-4526-9641-9675194B8A09}.Release|Any CPU.ActiveCfg = Release|Any CPU
		{4C39440F-8768-4526-9641-9675194B8A09}.Release|Any CPU.Build.0 = Release|Any CPU
		{579B9ACB-E1DB-4A44-B4B1-B42F21C39EEB}.Debug|Any CPU.ActiveCfg = Debug|Any CPU
		{579B9ACB-E1DB-4A44-B4B1-B42F21C39EEB}.Debug|Any CPU.Build.0 = Debug|Any CPU
		{579B9ACB-E1DB-4A44-B4B1-B42F21C39EEB}.PublishToDevWeb|Any CPU.ActiveCfg = Release|Any CPU
		{579B9ACB-E1DB-4A44-B4B1-B42F21C39EEB}.PublishToDevWeb|Any CPU.Build.0 = Release|Any CPU
		{579B9ACB-E1DB-4A44-B4B1-B42F21C39EEB}.Release|Any CPU.ActiveCfg = Release|Any CPU
		{579B9ACB-E1DB-4A44-B4B1-B42F21C39EEB}.Release|Any CPU.Build.0 = Release|Any CPU
		{07B603AF-A3D8-4264-8758-F0A1FC7951EE}.Debug|Any CPU.ActiveCfg = Debug|Any CPU
		{07B603AF-A3D8-4264-8758-F0A1FC7951EE}.Debug|Any CPU.Build.0 = Debug|Any CPU
		{07B603AF-A3D8-4264-8758-F0A1FC7951EE}.PublishToDevWeb|Any CPU.ActiveCfg = Debug|Any CPU
		{07B603AF-A3D8-4264-8758-F0A1FC7951EE}.PublishToDevWeb|Any CPU.Build.0 = Debug|Any CPU
		{07B603AF-A3D8-4264-8758-F0A1FC7951EE}.Release|Any CPU.ActiveCfg = Release|Any CPU
		{07B603AF-A3D8-4264-8758-F0A1FC7951EE}.Release|Any CPU.Build.0 = Release|Any CPU
		{CEB12E1E-EC9C-4678-A378-BE434C84B539}.Debug|Any CPU.ActiveCfg = Debug|Any CPU
		{CEB12E1E-EC9C-4678-A378-BE434C84B539}.Debug|Any CPU.Build.0 = Debug|Any CPU
		{CEB12E1E-EC9C-4678-A378-BE434C84B539}.PublishToDevWeb|Any CPU.ActiveCfg = Release|Any CPU
		{CEB12E1E-EC9C-4678-A378-BE434C84B539}.PublishToDevWeb|Any CPU.Build.0 = Release|Any CPU
		{CEB12E1E-EC9C-4678-A378-BE434C84B539}.Release|Any CPU.ActiveCfg = Release|Any CPU
		{CEB12E1E-EC9C-4678-A378-BE434C84B539}.Release|Any CPU.Build.0 = Release|Any CPU
		{D451D2F0-85DC-4EFB-A24A-574175E1BF23}.Debug|Any CPU.ActiveCfg = Debug|Any CPU
		{D451D2F0-85DC-4EFB-A24A-574175E1BF23}.Debug|Any CPU.Build.0 = Debug|Any CPU
		{D451D2F0-85DC-4EFB-A24A-574175E1BF23}.PublishToDevWeb|Any CPU.ActiveCfg = Release|Any CPU
		{D451D2F0-85DC-4EFB-A24A-574175E1BF23}.PublishToDevWeb|Any CPU.Build.0 = Release|Any CPU
		{D451D2F0-85DC-4EFB-A24A-574175E1BF23}.Release|Any CPU.ActiveCfg = Release|Any CPU
		{D451D2F0-85DC-4EFB-A24A-574175E1BF23}.Release|Any CPU.Build.0 = Release|Any CPU
		{F0297A63-9A84-415D-AA8F-F5D77E23EC82}.Debug|Any CPU.ActiveCfg = Debug|Any CPU
		{F0297A63-9A84-415D-AA8F-F5D77E23EC82}.Debug|Any CPU.Build.0 = Debug|Any CPU
		{F0297A63-9A84-415D-AA8F-F5D77E23EC82}.PublishToDevWeb|Any CPU.ActiveCfg = Release|Any CPU
		{F0297A63-9A84-415D-AA8F-F5D77E23EC82}.PublishToDevWeb|Any CPU.Build.0 = Release|Any CPU
		{F0297A63-9A84-415D-AA8F-F5D77E23EC82}.Release|Any CPU.ActiveCfg = Release|Any CPU
		{F0297A63-9A84-415D-AA8F-F5D77E23EC82}.Release|Any CPU.Build.0 = Release|Any CPU
	EndGlobalSection
	GlobalSection(SolutionProperties) = preSolution
		HideSolutionNode = FALSE
	EndGlobalSection
	GlobalSection(ExtensibilityGlobals) = postSolution
		SolutionGuid = {44A781C0-89B3-4259-B062-EE69B58FCD6E}
	EndGlobalSection
EndGlobal
