
Microsoft Visual Studio Solution File, Format Version 12.00
# Visual Studio 15
VisualStudioVersion = 15.0.28307.136
MinimumVisualStudioVersion = 10.0.40219.1
Project("{FAE04EC0-301F-11D3-BF4B-00C04F79EFBC}") = "AnimalDiseaseQueryWebApp", "AnimalDiseaseQueryWebApp\AnimalDiseaseQueryWebApp.csproj", "{79AAC1F2-5BAD-45A0-A820-D75C37E0CDBF}"
EndProject
Global
	GlobalSection(SolutionConfigurationPlatforms) = preSolution
		Debug|Any CPU = Debug|Any CPU
		Release|Any CPU = Release|Any CPU
	EndGlobalSection
	GlobalSection(ProjectConfigurationPlatforms) = postSolution
		{79AAC1F2-5BAD-45A0-A820-D75C37E0CDBF}.Debug|Any CPU.ActiveCfg = Debug|Any CPU
		{79AAC1F2-5BAD-45A0-A820-D75C37E0CDBF}.Debug|Any CPU.Build.0 = Debug|Any CPU
		{79AAC1F2-5BAD-45A0-A820-D75C37E0CDBF}.Release|Any CPU.ActiveCfg = Release|Any CPU
		{79AAC1F2-5BAD-45A0-A820-D75C37E0CDBF}.Release|Any CPU.Build.0 = Release|Any CPU
	EndGlobalSection
	GlobalSection(SolutionProperties) = preSolution
		HideSolutionNode = FALSE
	EndGlobalSection
	GlobalSection(ExtensibilityGlobals) = postSolution
		SolutionGuid = {44A781C0-89B3-4259-B062-EE69B58FCD6E}
	EndGlobalSection
EndGlobal
